
Microsoft Visual Studio Solution File, Format Version 12.00
# Visual Studio 15
VisualStudioVersion = 15.0.27703.2026
MinimumVisualStudioVersion = 10.0.40219.1
Project("{FAE04EC0-301F-11D3-BF4B-00C04F79EFBC}") = "WebApplication2", "WebApplication2\WebApplication2.csproj", "{6ABBBDD5-9FB1-40BE-9D61-F09451E4DA6E}"
EndProject
Global
	GlobalSection(SolutionConfigurationPlatforms) = preSolution
		Debug|Any CPU = Debug|Any CPU
		Release|Any CPU = Release|Any CPU
	EndGlobalSection
	GlobalSection(ProjectConfigurationPlatforms) = postSolution
		{6ABBBDD5-9FB1-40BE-9D61-F09451E4DA6E}.Debug|Any CPU.ActiveCfg = Debug|Any CPU
		{6ABBBDD5-9FB1-40BE-9D61-F09451E4DA6E}.Debug|Any CPU.Build.0 = Debug|Any CPU
		{6ABBBDD5-9FB1-40BE-9D61-F09451E4DA6E}.Release|Any CPU.ActiveCfg = Release|Any CPU
		{6ABBBDD5-9FB1-40BE-9D61-F09451E4DA6E}.Release|Any CPU.Build.0 = Release|Any CPU
	EndGlobalSection
	GlobalSection(SolutionProperties) = preSolution
		HideSolutionNode = FALSE
	EndGlobalSection
	GlobalSection(ExtensibilityGlobals) = postSolution
		SolutionGuid = {B9BB27DA-2474-45EA-927A-41625FA7F30C}
	EndGlobalSection
EndGlobal
