
Microsoft Visual Studio Solution File, Format Version 12.00
# Visual Studio Version 17
VisualStudioVersion = 17.1.32210.238
MinimumVisualStudioVersion = 10.0.40219.1
Project("{FAE04EC0-301F-11D3-BF4B-00C04F79EFBC}") = "StackifySample", "StackifySample\StackifySample.csproj", "{DAE6DF66-9207-4233-8EE1-CF3EAB086CD8}"
EndProject
Global
	GlobalSection(SolutionConfigurationPlatforms) = preSolution
		Debug|Any CPU = Debug|Any CPU
		Release|Any CPU = Release|Any CPU
	EndGlobalSection
	GlobalSection(ProjectConfigurationPlatforms) = postSolution
		{DAE6DF66-9207-4233-8EE1-CF3EAB086CD8}.Debug|Any CPU.ActiveCfg = Debug|Any CPU
		{DAE6DF66-9207-4233-8EE1-CF3EAB086CD8}.Debug|Any CPU.Build.0 = Debug|Any CPU
		{DAE6DF66-9207-4233-8EE1-CF3EAB086CD8}.Release|Any CPU.ActiveCfg = Release|Any CPU
		{DAE6DF66-9207-4233-8EE1-CF3EAB086CD8}.Release|Any CPU.Build.0 = Release|Any CPU
	EndGlobalSection
	GlobalSection(SolutionProperties) = preSolution
		HideSolutionNode = FALSE
	EndGlobalSection
	GlobalSection(ExtensibilityGlobals) = postSolution
		SolutionGuid = {0A0DF514-6B6C-4EFF-BC14-50DA925B1B00}
	EndGlobalSection
EndGlobal
