
Microsoft Visual Studio Solution File, Format Version 12.00
# Visual Studio Version 16
VisualStudioVersion = 16.0.29215.179
MinimumVisualStudioVersion = 10.0.40219.1
Project("{FAE04EC0-301F-11D3-BF4B-00C04F79EFBC}") = "MvcAppWithVue", "MvcAppWithVue\MvcAppWithVue.csproj", "{D6DB6B16-4F2B-4903-9EA8-C0145B5CC17A}"
EndProject
Global
	GlobalSection(SolutionConfigurationPlatforms) = preSolution
		Debug|Any CPU = Debug|Any CPU
		Release|Any CPU = Release|Any CPU
	EndGlobalSection
	GlobalSection(ProjectConfigurationPlatforms) = postSolution
		{D6DB6B16-4F2B-4903-9EA8-C0145B5CC17A}.Debug|Any CPU.ActiveCfg = Debug|Any CPU
		{D6DB6B16-4F2B-4903-9EA8-C0145B5CC17A}.Debug|Any CPU.Build.0 = Debug|Any CPU
		{D6DB6B16-4F2B-4903-9EA8-C0145B5CC17A}.Release|Any CPU.ActiveCfg = Release|Any CPU
		{D6DB6B16-4F2B-4903-9EA8-C0145B5CC17A}.Release|Any CPU.Build.0 = Release|Any CPU
	EndGlobalSection
	GlobalSection(SolutionProperties) = preSolution
		HideSolutionNode = FALSE
	EndGlobalSection
	GlobalSection(ExtensibilityGlobals) = postSolution
		SolutionGuid = {A8B746D9-99E6-482D-8A28-D17C8ADE8BAB}
	EndGlobalSection
EndGlobal
