
Microsoft Visual Studio Solution File, Format Version 12.00
# Visual Studio Version 17
VisualStudioVersion = 17.1.32210.238
MinimumVisualStudioVersion = 10.0.40219.1
Project("{FAE04EC0-301F-11D3-BF4B-00C04F79EFBC}") = "LoggingSample", "LoggingSample.csproj", "{FBA80D5C-C77E-45EC-9083-A092AB01E65B}"
EndProject
Global
	GlobalSection(SolutionConfigurationPlatforms) = preSolution
		Debug|Any CPU = Debug|Any CPU
		Release|Any CPU = Release|Any CPU
	EndGlobalSection
	GlobalSection(ProjectConfigurationPlatforms) = postSolution
		{FBA80D5C-C77E-45EC-9083-A092AB01E65B}.Debug|Any CPU.ActiveCfg = Debug|Any CPU
		{FBA80D5C-C77E-45EC-9083-A092AB01E65B}.Debug|Any CPU.Build.0 = Debug|Any CPU
		{FBA80D5C-C77E-45EC-9083-A092AB01E65B}.Release|Any CPU.ActiveCfg = Release|Any CPU
		{FBA80D5C-C77E-45EC-9083-A092AB01E65B}.Release|Any CPU.Build.0 = Release|Any CPU
	EndGlobalSection
	GlobalSection(SolutionProperties) = preSolution
		HideSolutionNode = FALSE
	EndGlobalSection
	GlobalSection(ExtensibilityGlobals) = postSolution
		SolutionGuid = {10E3D25C-9642-4C61-BF83-EA18B20E387F}
	EndGlobalSection
EndGlobal
