
Microsoft Visual Studio Solution File, Format Version 12.00
# Visual Studio Version 16
VisualStudioVersion = 16.0.31911.196
MinimumVisualStudioVersion = 10.0.40219.1
Project("{9A19103F-16F7-4668-BE54-9A1E7A4F7556}") = "WebApplication_RazorPagesProject", "WebApplication_RazorPagesProject\WebApplication_RazorPagesProject.csproj", "{5052F987-8C47-4635-9C44-B36BB594D046}"
EndProject
Project("{9A19103F-16F7-4668-BE54-9A1E7A4F7556}") = "DEMO", "DEMO\DEMO.csproj", "{2AE4136F-06D1-4944-92A5-3E09040876CB}"
EndProject
Global
	GlobalSection(SolutionConfigurationPlatforms) = preSolution
		Debug|Any CPU = Debug|Any CPU
		Release|Any CPU = Release|Any CPU
	EndGlobalSection
	GlobalSection(ProjectConfigurationPlatforms) = postSolution
		{5052F987-8C47-4635-9C44-B36BB594D046}.Debug|Any CPU.ActiveCfg = Debug|Any CPU
		{5052F987-8C47-4635-9C44-B36BB594D046}.Debug|Any CPU.Build.0 = Debug|Any CPU
		{5052F987-8C47-4635-9C44-B36BB594D046}.Release|Any CPU.ActiveCfg = Release|Any CPU
		{5052F987-8C47-4635-9C44-B36BB594D046}.Release|Any CPU.Build.0 = Release|Any CPU
		{2AE4136F-06D1-4944-92A5-3E09040876CB}.Debug|Any CPU.ActiveCfg = Debug|Any CPU
		{2AE4136F-06D1-4944-92A5-3E09040876CB}.Debug|Any CPU.Build.0 = Debug|Any CPU
		{2AE4136F-06D1-4944-92A5-3E09040876CB}.Release|Any CPU.ActiveCfg = Release|Any CPU
		{2AE4136F-06D1-4944-92A5-3E09040876CB}.Release|Any CPU.Build.0 = Release|Any CPU
	EndGlobalSection
	GlobalSection(SolutionProperties) = preSolution
		HideSolutionNode = FALSE
	EndGlobalSection
	GlobalSection(ExtensibilityGlobals) = postSolution
		SolutionGuid = {687ABF38-FCDE-4986-B2C9-390FEF2135B8}
	EndGlobalSection
EndGlobal
