
Microsoft Visual Studio Solution File, Format Version 12.00
# Visual Studio 15
VisualStudioVersion = 15.0.27703.2026
MinimumVisualStudioVersion = 10.0.40219.1
Project("{FAE04EC0-301F-11D3-BF4B-00C04F79EFBC}") = "TodoAppWithMvcAjaxHelpers", "TodoAppWithMvcAjaxHelpers\TodoAppWithMvcAjaxHelpers.csproj", "{B9ED3F8F-146C-49C4-B734-2D1016CE0399}"
EndProject
Global
	GlobalSection(SolutionConfigurationPlatforms) = preSolution
		Debug|Any CPU = Debug|Any CPU
		Release|Any CPU = Release|Any CPU
	EndGlobalSection
	GlobalSection(ProjectConfigurationPlatforms) = postSolution
		{B9ED3F8F-146C-49C4-B734-2D1016CE0399}.Debug|Any CPU.ActiveCfg = Debug|Any CPU
		{B9ED3F8F-146C-49C4-B734-2D1016CE0399}.Debug|Any CPU.Build.0 = Debug|Any CPU
		{B9ED3F8F-146C-49C4-B734-2D1016CE0399}.Release|Any CPU.ActiveCfg = Release|Any CPU
		{B9ED3F8F-146C-49C4-B734-2D1016CE0399}.Release|Any CPU.Build.0 = Release|Any CPU
	EndGlobalSection
	GlobalSection(SolutionProperties) = preSolution
		HideSolutionNode = FALSE
	EndGlobalSection
	GlobalSection(ExtensibilityGlobals) = postSolution
		SolutionGuid = {5565EE06-E9A1-4A1F-B2B7-7B034D32C25B}
	EndGlobalSection
EndGlobal
