
Microsoft Visual Studio Solution File, Format Version 12.00
# Visual Studio 15
VisualStudioVersion = 15.0.28307.329
MinimumVisualStudioVersion = 10.0.40219.1
Project("{FAE04EC0-301F-11D3-BF4B-00C04F79EFBC}") = "nancy-netcoreapp-sample", "nancy-netcoreapp-sample\nancy-netcoreapp-sample.csproj", "{55BDA835-7446-428D-9A4E-BED583A6ECF2}"
EndProject
Global
	GlobalSection(SolutionConfigurationPlatforms) = preSolution
		Debug|Any CPU = Debug|Any CPU
		Release|Any CPU = Release|Any CPU
	EndGlobalSection
	GlobalSection(ProjectConfigurationPlatforms) = postSolution
		{55BDA835-7446-428D-9A4E-BED583A6ECF2}.Debug|Any CPU.ActiveCfg = Debug|Any CPU
		{55BDA835-7446-428D-9A4E-BED583A6ECF2}.Debug|Any CPU.Build.0 = Debug|Any CPU
		{55BDA835-7446-428D-9A4E-BED583A6ECF2}.Release|Any CPU.ActiveCfg = Release|Any CPU
		{55BDA835-7446-428D-9A4E-BED583A6ECF2}.Release|Any CPU.Build.0 = Release|Any CPU
	EndGlobalSection
	GlobalSection(SolutionProperties) = preSolution
		HideSolutionNode = FALSE
	EndGlobalSection
	GlobalSection(ExtensibilityGlobals) = postSolution
		SolutionGuid = {919157B8-A65E-464D-8F2D-F13D607B000E}
	EndGlobalSection
EndGlobal
