
Microsoft Visual Studio Solution File, Format Version 12.00
# Visual Studio Version 16
VisualStudioVersion = 16.0.31321.278
MinimumVisualStudioVersion = 10.0.40219.1
Project("{FAE04EC0-301F-11D3-BF4B-00C04F79EFBC}") = "WebApplication1", "WebApplication1\WebApplication1.csproj", "{F81F453D-749D-4566-8297-8428E6BC3AA8}"
EndProject
Global
	GlobalSection(SolutionConfigurationPlatforms) = preSolution
		Debug|Any CPU = Debug|Any CPU
		Release|Any CPU = Release|Any CPU
	EndGlobalSection
	GlobalSection(ProjectConfigurationPlatforms) = postSolution
		{F81F453D-749D-4566-8297-8428E6BC3AA8}.Debug|Any CPU.ActiveCfg = Debug|Any CPU
		{F81F453D-749D-4566-8297-8428E6BC3AA8}.Debug|Any CPU.Build.0 = Debug|Any CPU
		{F81F453D-749D-4566-8297-8428E6BC3AA8}.Release|Any CPU.ActiveCfg = Release|Any CPU
		{F81F453D-749D-4566-8297-8428E6BC3AA8}.Release|Any CPU.Build.0 = Release|Any CPU
	EndGlobalSection
	GlobalSection(SolutionProperties) = preSolution
		HideSolutionNode = FALSE
	EndGlobalSection
	GlobalSection(ExtensibilityGlobals) = postSolution
		SolutionGuid = {8E3A1EFA-C901-4749-9E18-523EE158DDE4}
	EndGlobalSection
EndGlobal
